# This file is automatically @generated by Cargo.
# It is not intended for manual editing.
[[package]]
name = "curl-p"
version = "0.1.0"
dependencies = [
 "sponge-preview 0.2.0 (registry+https://github.com/rust-lang/crates.io-index)",
]

[[package]]
name = "sponge-preview"
version = "0.2.0"
source = "registry+https://github.com/rust-lang/crates.io-index"

[metadata]
"checksum sponge-preview 0.2.0 (registry+https://github.com/rust-lang/crates.io-index)" = "a55eaf9b81e44883f1222759769c7b38efe875dff42c18918d07600c86267b1c"
