# This file is automatically @generated by Cargo.
# It is not intended for manual editing.
[[package]]
name = "curl-p"
version = "0.1.0"
dependencies = [
 "sponge-preview 0.1.0 (registry+https://github.com/rust-lang/crates.io-index)",
]

[[package]]
name = "sponge-preview"
version = "0.1.0"
source = "registry+https://github.com/rust-lang/crates.io-index"

[metadata]
"checksum sponge-preview 0.1.0 (registry+https://github.com/rust-lang/crates.io-index)" = "4bd35fc2961ec08a9ab722d5cc9b8e0efd10e6121e2746044df1026833c8e7bb"
